
Microsoft Visual Studio Solution File, Format Version 12.00
# Visual Studio 15
VisualStudioVersion = 15.0.28307.779
MinimumVisualStudioVersion = 10.0.40219.1
Project("{FAE04EC0-301F-11D3-BF4B-00C04F79EFBC}") = "Aula_23_windows_form", "Aula_23_windows_form\Aula_23_windows_form.csproj", "{7288A106-8A56-4830-85A4-8BE27B56AC57}"
EndProject
Global
	GlobalSection(SolutionConfigurationPlatforms) = preSolution
		Debug|Any CPU = Debug|Any CPU
		Release|Any CPU = Release|Any CPU
	EndGlobalSection
	GlobalSection(ProjectConfigurationPlatforms) = postSolution
		{7288A106-8A56-4830-85A4-8BE27B56AC57}.Debug|Any CPU.ActiveCfg = Debug|Any CPU
		{7288A106-8A56-4830-85A4-8BE27B56AC57}.Debug|Any CPU.Build.0 = Debug|Any CPU
		{7288A106-8A56-4830-85A4-8BE27B56AC57}.Release|Any CPU.ActiveCfg = Release|Any CPU
		{7288A106-8A56-4830-85A4-8BE27B56AC57}.Release|Any CPU.Build.0 = Release|Any CPU
	EndGlobalSection
	GlobalSection(SolutionProperties) = preSolution
		HideSolutionNode = FALSE
	EndGlobalSection
	GlobalSection(ExtensibilityGlobals) = postSolution
		SolutionGuid = {8F1810A2-CC47-4762-912B-87F39E9360BC}
	EndGlobalSection
EndGlobal
